
Microsoft Visual Studio Solution File, Format Version 12.00
# Visual Studio 15
VisualStudioVersion = 15.0.27130.2026
MinimumVisualStudioVersion = 10.0.40219.1
Project("{FAE04EC0-301F-11D3-BF4B-00C04F79EFBC}") = "DBMS", "DBMS\DBMS.csproj", "{708143E4-7C8C-4236-9653-C61D8A0DBF53}"
EndProject
Global
	GlobalSection(SolutionConfigurationPlatforms) = preSolution
		Debug|Any CPU = Debug|Any CPU
		Release|Any CPU = Release|Any CPU
	EndGlobalSection
	GlobalSection(ProjectConfigurationPlatforms) = postSolution
		{708143E4-7C8C-4236-9653-C61D8A0DBF53}.Debug|Any CPU.ActiveCfg = Debug|Any CPU
		{708143E4-7C8C-4236-9653-C61D8A0DBF53}.Debug|Any CPU.Build.0 = Debug|Any CPU
		{708143E4-7C8C-4236-9653-C61D8A0DBF53}.Release|Any CPU.ActiveCfg = Release|Any CPU
		{708143E4-7C8C-4236-9653-C61D8A0DBF53}.Release|Any CPU.Build.0 = Release|Any CPU
	EndGlobalSection
	GlobalSection(SolutionProperties) = preSolution
		HideSolutionNode = FALSE
	EndGlobalSection
	GlobalSection(ExtensibilityGlobals) = postSolution
		SolutionGuid = {38E3D94F-FFE2-4D98-8B26-65D53AD1892F}
	EndGlobalSection
EndGlobal
